
Microsoft Visual Studio Solution File, Format Version 12.00
# Visual Studio Version 16
VisualStudioVersion = 16.0.29418.71
MinimumVisualStudioVersion = 10.0.40219.1
Project("{FAE04EC0-301F-11D3-BF4B-00C04F79EFBC}") = "FlixOne.BookStore.OfferService", "FlixOne.BookStore.OfferService\FlixOne.BookStore.OfferService.csproj", "{A8E1CECE-E458-4C16-8710-C6FCAC4FA8BE}"
EndProject
Global
	GlobalSection(SolutionConfigurationPlatforms) = preSolution
		Debug|Any CPU = Debug|Any CPU
		Release|Any CPU = Release|Any CPU
	EndGlobalSection
	GlobalSection(ProjectConfigurationPlatforms) = postSolution
		{A8E1CECE-E458-4C16-8710-C6FCAC4FA8BE}.Debug|Any CPU.ActiveCfg = Debug|Any CPU
		{A8E1CECE-E458-4C16-8710-C6FCAC4FA8BE}.Debug|Any CPU.Build.0 = Debug|Any CPU
		{A8E1CECE-E458-4C16-8710-C6FCAC4FA8BE}.Release|Any CPU.ActiveCfg = Release|Any CPU
		{A8E1CECE-E458-4C16-8710-C6FCAC4FA8BE}.Release|Any CPU.Build.0 = Release|Any CPU
	EndGlobalSection
	GlobalSection(SolutionProperties) = preSolution
		HideSolutionNode = FALSE
	EndGlobalSection
	GlobalSection(ExtensibilityGlobals) = postSolution
		SolutionGuid = {D838B212-8F15-4863-98FF-3D44E1AD524E}
	EndGlobalSection
EndGlobal
