
Microsoft Visual Studio Solution File, Format Version 12.00
# Visual Studio 15
VisualStudioVersion = 15.0.26730.15
MinimumVisualStudioVersion = 10.0.40219.1
Project("{FAE04EC0-301F-11D3-BF4B-00C04F79EFBC}") = "FlixOne.BookStore.ProductClient", "FlixOne.BookStore.ProductClient\FlixOne.BookStore.ProductClient.csproj", "{135E3D2E-4092-4353-B8C3-FB88C8C672B4}"
EndProject
Global
	GlobalSection(SolutionConfigurationPlatforms) = preSolution
		Debug|Any CPU = Debug|Any CPU
		Release|Any CPU = Release|Any CPU
	EndGlobalSection
	GlobalSection(ProjectConfigurationPlatforms) = postSolution
		{135E3D2E-4092-4353-B8C3-FB88C8C672B4}.Debug|Any CPU.ActiveCfg = Debug|Any CPU
		{135E3D2E-4092-4353-B8C3-FB88C8C672B4}.Debug|Any CPU.Build.0 = Debug|Any CPU
		{135E3D2E-4092-4353-B8C3-FB88C8C672B4}.Release|Any CPU.ActiveCfg = Release|Any CPU
		{135E3D2E-4092-4353-B8C3-FB88C8C672B4}.Release|Any CPU.Build.0 = Release|Any CPU
	EndGlobalSection
	GlobalSection(SolutionProperties) = preSolution
		HideSolutionNode = FALSE
	EndGlobalSection
	GlobalSection(ExtensibilityGlobals) = postSolution
		SolutionGuid = {76622733-6913-4F57-A246-91B6C149B404}
	EndGlobalSection
EndGlobal
