
Microsoft Visual Studio Solution File, Format Version 12.00
# Visual Studio Version 16
VisualStudioVersion = 16.0.29613.14
MinimumVisualStudioVersion = 10.0.40219.1
Project("{9A19103F-16F7-4668-BE54-9A1E7A4F7556}") = "FlixOne.BooStore.Web", "FlixOne.BooStore.Web.csproj", "{53841C41-81E0-4A9D-8B29-22011E61F5EA}"
EndProject
Global
	GlobalSection(SolutionConfigurationPlatforms) = preSolution
		Debug|Any CPU = Debug|Any CPU
		Release|Any CPU = Release|Any CPU
	EndGlobalSection
	GlobalSection(ProjectConfigurationPlatforms) = postSolution
		{53841C41-81E0-4A9D-8B29-22011E61F5EA}.Debug|Any CPU.ActiveCfg = Debug|Any CPU
		{53841C41-81E0-4A9D-8B29-22011E61F5EA}.Debug|Any CPU.Build.0 = Debug|Any CPU
		{53841C41-81E0-4A9D-8B29-22011E61F5EA}.Release|Any CPU.ActiveCfg = Release|Any CPU
		{53841C41-81E0-4A9D-8B29-22011E61F5EA}.Release|Any CPU.Build.0 = Release|Any CPU
	EndGlobalSection
	GlobalSection(SolutionProperties) = preSolution
		HideSolutionNode = FALSE
	EndGlobalSection
	GlobalSection(ExtensibilityGlobals) = postSolution
		SolutionGuid = {C43F688B-1025-4884-A27C-B15B53919860}
	EndGlobalSection
EndGlobal
