
Microsoft Visual Studio Solution File, Format Version 12.00
# Visual Studio 15
VisualStudioVersion = 15.0.26730.15
MinimumVisualStudioVersion = 10.0.40219.1
Project("{FAE04EC0-301F-11D3-BF4B-00C04F79EFBC}") = "FlixOne.BookStore.MessageReceiver", "FlixOne.BookStore.MessageReceiver\FlixOne.BookStore.MessageReceiver.csproj", "{8957CEDF-57CA-4869-89DD-DF1376C191EB}"
EndProject
Global
	GlobalSection(SolutionConfigurationPlatforms) = preSolution
		Debug|Any CPU = Debug|Any CPU
		Release|Any CPU = Release|Any CPU
	EndGlobalSection
	GlobalSection(ProjectConfigurationPlatforms) = postSolution
		{8957CEDF-57CA-4869-89DD-DF1376C191EB}.Debug|Any CPU.ActiveCfg = Debug|Any CPU
		{8957CEDF-57CA-4869-89DD-DF1376C191EB}.Debug|Any CPU.Build.0 = Debug|Any CPU
		{8957CEDF-57CA-4869-89DD-DF1376C191EB}.Release|Any CPU.ActiveCfg = Release|Any CPU
		{8957CEDF-57CA-4869-89DD-DF1376C191EB}.Release|Any CPU.Build.0 = Release|Any CPU
	EndGlobalSection
	GlobalSection(SolutionProperties) = preSolution
		HideSolutionNode = FALSE
	EndGlobalSection
	GlobalSection(ExtensibilityGlobals) = postSolution
		SolutionGuid = {FA307A0F-7582-4751-A27C-7787B6F21AFB}
	EndGlobalSection
EndGlobal
