
Microsoft Visual Studio Solution File, Format Version 12.00
# Visual Studio Version 16
VisualStudioVersion = 16.0.29806.167
MinimumVisualStudioVersion = 10.0.40219.1
Project("{FAE04EC0-301F-11D3-BF4B-00C04F79EFBC}") = "FlixOne.BookStore.Web", "FlixOne.BookStore.Web\FlixOne.BookStore.Web.csproj", "{A20FDEE0-CDD4-4C30-99BA-A88F814C39EA}"
EndProject
Project("{2150E333-8FDC-42A3-9474-1A3956D46DE8}") = "Src", "Src", "{C1ADDA46-BB1B-4A02-9005-DCA288519D16}"
EndProject
Project("{2150E333-8FDC-42A3-9474-1A3956D46DE8}") = "Clients", "Clients", "{25E04226-97D3-492F-9B7C-A08E6814FBE0}"
EndProject
Project("{2150E333-8FDC-42A3-9474-1A3956D46DE8}") = "API Gateways", "API Gateways", "{069DE4B5-CE38-49BE-891E-1FCD3AAA2FC2}"
EndProject
Project("{FAE04EC0-301F-11D3-BF4B-00C04F79EFBC}") = "FlixOne.BookStore.Web.Gateway", "FlixOne.BookStore.Web.Gateway\FlixOne.BookStore.Web.Gateway.csproj", "{A581F676-B1ED-4E12-BB2D-2B4CD884C8E6}"
EndProject
Project("{FAE04EC0-301F-11D3-BF4B-00C04F79EFBC}") = "FlixOne.BookStore.Mobile.Gateway", "FlixOne.BookStore.Mobile.Gateway\FlixOne.BookStore.Mobile.Gateway.csproj", "{4F549C7C-82C9-4887-A385-7D0452E4C11C}"
EndProject
Project("{2150E333-8FDC-42A3-9474-1A3956D46DE8}") = "Services", "Services", "{34BFB03F-A4AD-4F75-89AD-B445EA76DD7F}"
EndProject
Project("{FAE04EC0-301F-11D3-BF4B-00C04F79EFBC}") = "FlixOne.BookStore.Customer.API", "FlixOne.BookStore.Customer.API\FlixOne.BookStore.Customer.API.csproj", "{0D53003B-2312-428F-9F2C-88A60BCBFE5D}"
EndProject
Project("{2150E333-8FDC-42A3-9474-1A3956D46DE8}") = "Customer", "Customer", "{3A9ED131-F543-423F-93C0-28CE5E22F51A}"
EndProject
Project("{FAE04EC0-301F-11D3-BF4B-00C04F79EFBC}") = "FlixOne.BookStore.Customer.Domain", "FlixOne.BookStore.Customer.Domain\FlixOne.BookStore.Customer.Domain.csproj", "{D6D2FF0C-04F9-43CD-9878-AC75C537B363}"
EndProject
Project("{FAE04EC0-301F-11D3-BF4B-00C04F79EFBC}") = "FlixOne.BookStore.Customer.Infrastructure", "FlixOne.BookStore.Customer.Infrastructure\FlixOne.BookStore.Customer.Infrastructure.csproj", "{75618F5A-F369-4251-A211-80C1D5E62288}"
EndProject
Project("{2150E333-8FDC-42A3-9474-1A3956D46DE8}") = "Product", "Product", "{EEECA3E1-5582-4689-B232-9CEF9D1B59A0}"
EndProject
Project("{FAE04EC0-301F-11D3-BF4B-00C04F79EFBC}") = "FlixOne.BookStore.Product.Domain", "FlixOne.BookStore.Product.Domain\FlixOne.BookStore.Product.Domain.csproj", "{FF5ECC4C-1A8C-4D4F-8049-29CC106B62B7}"
EndProject
Project("{FAE04EC0-301F-11D3-BF4B-00C04F79EFBC}") = "FlixOne.BookStore.Product.Infrastructure", "FlixOne.BookStore.Product.Infrastructure\FlixOne.BookStore.Product.Infrastructure.csproj", "{0D820D5E-B4B3-4C37-80C1-718FBB266AF1}"
EndProject
Project("{FAE04EC0-301F-11D3-BF4B-00C04F79EFBC}") = "FlixOne.BookStore.Product.API", "FlixOne.BookStore.Product.API\FlixOne.BookStore.Product.API.csproj", "{7DF6FA3C-F4AA-4276-B23A-97B7C9BABD88}"
EndProject
Project("{2150E333-8FDC-42A3-9474-1A3956D46DE8}") = "Order", "Order", "{5CA03B2E-2768-447E-8C08-0D2F7E394681}"
EndProject
Project("{FAE04EC0-301F-11D3-BF4B-00C04F79EFBC}") = "FlixOne.BookStore.Order.API", "FlixOne.BookStore.Order.API\FlixOne.BookStore.Order.API.csproj", "{ED61F308-B8A1-419C-B46F-9EBF2A146EC8}"
EndProject
Project("{FAE04EC0-301F-11D3-BF4B-00C04F79EFBC}") = "FlixOne.BookStore.Order.Domain", "FlixOne.BookStore.Order.Domain\FlixOne.BookStore.Order.Domain.csproj", "{C1A65894-66A2-4CD2-821D-15B6A6BFDE0E}"
EndProject
Project("{FAE04EC0-301F-11D3-BF4B-00C04F79EFBC}") = "FlixOne.BookStore.Order.Infrastructure", "FlixOne.BookStore.Order.Infrastructure\FlixOne.BookStore.Order.Infrastructure.csproj", "{14792794-9C37-428D-A0DF-A1B3AEAFE077}"
EndProject
Global
	GlobalSection(SolutionConfigurationPlatforms) = preSolution
		Debug|Any CPU = Debug|Any CPU
		Release|Any CPU = Release|Any CPU
	EndGlobalSection
	GlobalSection(ProjectConfigurationPlatforms) = postSolution
		{A20FDEE0-CDD4-4C30-99BA-A88F814C39EA}.Debug|Any CPU.ActiveCfg = Debug|Any CPU
		{A20FDEE0-CDD4-4C30-99BA-A88F814C39EA}.Debug|Any CPU.Build.0 = Debug|Any CPU
		{A20FDEE0-CDD4-4C30-99BA-A88F814C39EA}.Release|Any CPU.ActiveCfg = Release|Any CPU
		{A20FDEE0-CDD4-4C30-99BA-A88F814C39EA}.Release|Any CPU.Build.0 = Release|Any CPU
		{A581F676-B1ED-4E12-BB2D-2B4CD884C8E6}.Debug|Any CPU.ActiveCfg = Debug|Any CPU
		{A581F676-B1ED-4E12-BB2D-2B4CD884C8E6}.Debug|Any CPU.Build.0 = Debug|Any CPU
		{A581F676-B1ED-4E12-BB2D-2B4CD884C8E6}.Release|Any CPU.ActiveCfg = Release|Any CPU
		{A581F676-B1ED-4E12-BB2D-2B4CD884C8E6}.Release|Any CPU.Build.0 = Release|Any CPU
		{4F549C7C-82C9-4887-A385-7D0452E4C11C}.Debug|Any CPU.ActiveCfg = Debug|Any CPU
		{4F549C7C-82C9-4887-A385-7D0452E4C11C}.Debug|Any CPU.Build.0 = Debug|Any CPU
		{4F549C7C-82C9-4887-A385-7D0452E4C11C}.Release|Any CPU.ActiveCfg = Release|Any CPU
		{4F549C7C-82C9-4887-A385-7D0452E4C11C}.Release|Any CPU.Build.0 = Release|Any CPU
		{0D53003B-2312-428F-9F2C-88A60BCBFE5D}.Debug|Any CPU.ActiveCfg = Debug|Any CPU
		{0D53003B-2312-428F-9F2C-88A60BCBFE5D}.Debug|Any CPU.Build.0 = Debug|Any CPU
		{0D53003B-2312-428F-9F2C-88A60BCBFE5D}.Release|Any CPU.ActiveCfg = Release|Any CPU
		{0D53003B-2312-428F-9F2C-88A60BCBFE5D}.Release|Any CPU.Build.0 = Release|Any CPU
		{D6D2FF0C-04F9-43CD-9878-AC75C537B363}.Debug|Any CPU.ActiveCfg = Debug|Any CPU
		{D6D2FF0C-04F9-43CD-9878-AC75C537B363}.Debug|Any CPU.Build.0 = Debug|Any CPU
		{D6D2FF0C-04F9-43CD-9878-AC75C537B363}.Release|Any CPU.ActiveCfg = Release|Any CPU
		{D6D2FF0C-04F9-43CD-9878-AC75C537B363}.Release|Any CPU.Build.0 = Release|Any CPU
		{75618F5A-F369-4251-A211-80C1D5E62288}.Debug|Any CPU.ActiveCfg = Debug|Any CPU
		{75618F5A-F369-4251-A211-80C1D5E62288}.Debug|Any CPU.Build.0 = Debug|Any CPU
		{75618F5A-F369-4251-A211-80C1D5E62288}.Release|Any CPU.ActiveCfg = Release|Any CPU
		{75618F5A-F369-4251-A211-80C1D5E62288}.Release|Any CPU.Build.0 = Release|Any CPU
		{FF5ECC4C-1A8C-4D4F-8049-29CC106B62B7}.Debug|Any CPU.ActiveCfg = Debug|Any CPU
		{FF5ECC4C-1A8C-4D4F-8049-29CC106B62B7}.Debug|Any CPU.Build.0 = Debug|Any CPU
		{FF5ECC4C-1A8C-4D4F-8049-29CC106B62B7}.Release|Any CPU.ActiveCfg = Release|Any CPU
		{FF5ECC4C-1A8C-4D4F-8049-29CC106B62B7}.Release|Any CPU.Build.0 = Release|Any CPU
		{0D820D5E-B4B3-4C37-80C1-718FBB266AF1}.Debug|Any CPU.ActiveCfg = Debug|Any CPU
		{0D820D5E-B4B3-4C37-80C1-718FBB266AF1}.Debug|Any CPU.Build.0 = Debug|Any CPU
		{0D820D5E-B4B3-4C37-80C1-718FBB266AF1}.Release|Any CPU.ActiveCfg = Release|Any CPU
		{0D820D5E-B4B3-4C37-80C1-718FBB266AF1}.Release|Any CPU.Build.0 = Release|Any CPU
		{7DF6FA3C-F4AA-4276-B23A-97B7C9BABD88}.Debug|Any CPU.ActiveCfg = Debug|Any CPU
		{7DF6FA3C-F4AA-4276-B23A-97B7C9BABD88}.Debug|Any CPU.Build.0 = Debug|Any CPU
		{7DF6FA3C-F4AA-4276-B23A-97B7C9BABD88}.Release|Any CPU.ActiveCfg = Release|Any CPU
		{7DF6FA3C-F4AA-4276-B23A-97B7C9BABD88}.Release|Any CPU.Build.0 = Release|Any CPU
		{ED61F308-B8A1-419C-B46F-9EBF2A146EC8}.Debug|Any CPU.ActiveCfg = Debug|Any CPU
		{ED61F308-B8A1-419C-B46F-9EBF2A146EC8}.Debug|Any CPU.Build.0 = Debug|Any CPU
		{ED61F308-B8A1-419C-B46F-9EBF2A146EC8}.Release|Any CPU.ActiveCfg = Release|Any CPU
		{ED61F308-B8A1-419C-B46F-9EBF2A146EC8}.Release|Any CPU.Build.0 = Release|Any CPU
		{C1A65894-66A2-4CD2-821D-15B6A6BFDE0E}.Debug|Any CPU.ActiveCfg = Debug|Any CPU
		{C1A65894-66A2-4CD2-821D-15B6A6BFDE0E}.Debug|Any CPU.Build.0 = Debug|Any CPU
		{C1A65894-66A2-4CD2-821D-15B6A6BFDE0E}.Release|Any CPU.ActiveCfg = Release|Any CPU
		{C1A65894-66A2-4CD2-821D-15B6A6BFDE0E}.Release|Any CPU.Build.0 = Release|Any CPU
		{14792794-9C37-428D-A0DF-A1B3AEAFE077}.Debug|Any CPU.ActiveCfg = Debug|Any CPU
		{14792794-9C37-428D-A0DF-A1B3AEAFE077}.Debug|Any CPU.Build.0 = Debug|Any CPU
		{14792794-9C37-428D-A0DF-A1B3AEAFE077}.Release|Any CPU.ActiveCfg = Release|Any CPU
		{14792794-9C37-428D-A0DF-A1B3AEAFE077}.Release|Any CPU.Build.0 = Release|Any CPU
	EndGlobalSection
	GlobalSection(SolutionProperties) = preSolution
		HideSolutionNode = FALSE
	EndGlobalSection
	GlobalSection(NestedProjects) = preSolution
		{A20FDEE0-CDD4-4C30-99BA-A88F814C39EA} = {25E04226-97D3-492F-9B7C-A08E6814FBE0}
		{25E04226-97D3-492F-9B7C-A08E6814FBE0} = {C1ADDA46-BB1B-4A02-9005-DCA288519D16}
		{069DE4B5-CE38-49BE-891E-1FCD3AAA2FC2} = {C1ADDA46-BB1B-4A02-9005-DCA288519D16}
		{A581F676-B1ED-4E12-BB2D-2B4CD884C8E6} = {069DE4B5-CE38-49BE-891E-1FCD3AAA2FC2}
		{4F549C7C-82C9-4887-A385-7D0452E4C11C} = {069DE4B5-CE38-49BE-891E-1FCD3AAA2FC2}
		{34BFB03F-A4AD-4F75-89AD-B445EA76DD7F} = {C1ADDA46-BB1B-4A02-9005-DCA288519D16}
		{0D53003B-2312-428F-9F2C-88A60BCBFE5D} = {3A9ED131-F543-423F-93C0-28CE5E22F51A}
		{3A9ED131-F543-423F-93C0-28CE5E22F51A} = {34BFB03F-A4AD-4F75-89AD-B445EA76DD7F}
		{D6D2FF0C-04F9-43CD-9878-AC75C537B363} = {3A9ED131-F543-423F-93C0-28CE5E22F51A}
		{75618F5A-F369-4251-A211-80C1D5E62288} = {3A9ED131-F543-423F-93C0-28CE5E22F51A}
		{EEECA3E1-5582-4689-B232-9CEF9D1B59A0} = {34BFB03F-A4AD-4F75-89AD-B445EA76DD7F}
		{FF5ECC4C-1A8C-4D4F-8049-29CC106B62B7} = {EEECA3E1-5582-4689-B232-9CEF9D1B59A0}
		{0D820D5E-B4B3-4C37-80C1-718FBB266AF1} = {EEECA3E1-5582-4689-B232-9CEF9D1B59A0}
		{7DF6FA3C-F4AA-4276-B23A-97B7C9BABD88} = {EEECA3E1-5582-4689-B232-9CEF9D1B59A0}
		{5CA03B2E-2768-447E-8C08-0D2F7E394681} = {34BFB03F-A4AD-4F75-89AD-B445EA76DD7F}
		{ED61F308-B8A1-419C-B46F-9EBF2A146EC8} = {5CA03B2E-2768-447E-8C08-0D2F7E394681}
		{C1A65894-66A2-4CD2-821D-15B6A6BFDE0E} = {5CA03B2E-2768-447E-8C08-0D2F7E394681}
		{14792794-9C37-428D-A0DF-A1B3AEAFE077} = {5CA03B2E-2768-447E-8C08-0D2F7E394681}
	EndGlobalSection
	GlobalSection(ExtensibilityGlobals) = postSolution
		SolutionGuid = {57E2CDEC-4C2E-4466-8E8B-67B668E956EE}
	EndGlobalSection
EndGlobal
