
Microsoft Visual Studio Solution File, Format Version 12.00
# Visual Studio Version 16
VisualStudioVersion = 16.0.29209.152
MinimumVisualStudioVersion = 10.0.40219.1
Project("{9A19103F-16F7-4668-BE54-9A1E7A4F7556}") = "FlixOne.BookStore.ProductService", "FlixOne.BookStore.ProductService\FlixOne.BookStore.ProductService.csproj", "{3B5CFC67-89BC-4114-9A5B-78D29ABE237B}"
EndProject
Project("{E53339B2-1760-4266-BCC7-CA923CBCF16C}") = "docker-compose", "docker-compose.dcproj", "{0F7A63D9-BA65-4753-B115-FF5FC1338395}"
EndProject
Global
	GlobalSection(SolutionConfigurationPlatforms) = preSolution
		Debug|Any CPU = Debug|Any CPU
		Release|Any CPU = Release|Any CPU
	EndGlobalSection
	GlobalSection(ProjectConfigurationPlatforms) = postSolution
		{3B5CFC67-89BC-4114-9A5B-78D29ABE237B}.Debug|Any CPU.ActiveCfg = Debug|Any CPU
		{3B5CFC67-89BC-4114-9A5B-78D29ABE237B}.Debug|Any CPU.Build.0 = Debug|Any CPU
		{3B5CFC67-89BC-4114-9A5B-78D29ABE237B}.Release|Any CPU.ActiveCfg = Release|Any CPU
		{3B5CFC67-89BC-4114-9A5B-78D29ABE237B}.Release|Any CPU.Build.0 = Release|Any CPU
		{0F7A63D9-BA65-4753-B115-FF5FC1338395}.Debug|Any CPU.ActiveCfg = Debug|Any CPU
		{0F7A63D9-BA65-4753-B115-FF5FC1338395}.Debug|Any CPU.Build.0 = Debug|Any CPU
		{0F7A63D9-BA65-4753-B115-FF5FC1338395}.Release|Any CPU.ActiveCfg = Release|Any CPU
		{0F7A63D9-BA65-4753-B115-FF5FC1338395}.Release|Any CPU.Build.0 = Release|Any CPU
	EndGlobalSection
	GlobalSection(SolutionProperties) = preSolution
		HideSolutionNode = FALSE
	EndGlobalSection
	GlobalSection(ExtensibilityGlobals) = postSolution
		SolutionGuid = {FB67233D-DD2D-489C-BBF8-1273877FA9E7}
	EndGlobalSection
EndGlobal
