
Microsoft Visual Studio Solution File, Format Version 12.00
# Visual Studio Version 16
VisualStudioVersion = 16.0.29209.152
MinimumVisualStudioVersion = 10.0.40219.1
Project("{FAE04EC0-301F-11D3-BF4B-00C04F79EFBC}") = "ProductServiceClient", "ProductServiceClient\ProductServiceClient.csproj", "{AC4F2B93-AF0B-4831-A0D3-F485A820D5F4}"
EndProject
Global
	GlobalSection(SolutionConfigurationPlatforms) = preSolution
		Debug|Any CPU = Debug|Any CPU
		Release|Any CPU = Release|Any CPU
	EndGlobalSection
	GlobalSection(ProjectConfigurationPlatforms) = postSolution
		{AC4F2B93-AF0B-4831-A0D3-F485A820D5F4}.Debug|Any CPU.ActiveCfg = Debug|Any CPU
		{AC4F2B93-AF0B-4831-A0D3-F485A820D5F4}.Debug|Any CPU.Build.0 = Debug|Any CPU
		{AC4F2B93-AF0B-4831-A0D3-F485A820D5F4}.Release|Any CPU.ActiveCfg = Release|Any CPU
		{AC4F2B93-AF0B-4831-A0D3-F485A820D5F4}.Release|Any CPU.Build.0 = Release|Any CPU
	EndGlobalSection
	GlobalSection(SolutionProperties) = preSolution
		HideSolutionNode = FALSE
	EndGlobalSection
	GlobalSection(ExtensibilityGlobals) = postSolution
		SolutionGuid = {F029505A-B940-463E-8A4C-53E880D16BDC}
	EndGlobalSection
EndGlobal
