
Microsoft Visual Studio Solution File, Format Version 12.00
# Visual Studio Version 16
VisualStudioVersion = 16.0.29806.167
MinimumVisualStudioVersion = 10.0.40219.1
Project("{9A19103F-16F7-4668-BE54-9A1E7A4F7556}") = "FlixOne.BookStore.Shipping.API", "FlixOne.BookStore.Shipping.API\FlixOne.BookStore.Shipping.API.csproj", "{222B9EBB-9CD0-4468-A44F-252B03B09CE5}"
EndProject
Project("{2150E333-8FDC-42A3-9474-1A3956D46DE8}") = "src", "src", "{127CB7C4-653C-4027-BA72-2CFC61152021}"
EndProject
Project("{2150E333-8FDC-42A3-9474-1A3956D46DE8}") = "Services", "Services", "{243615F3-0C11-4562-BD26-41028DC10EAC}"
EndProject
Project("{2150E333-8FDC-42A3-9474-1A3956D46DE8}") = "BL", "BL", "{66B4CAEB-5101-4817-A402-4E67D9288EF6}"
EndProject
Project("{9A19103F-16F7-4668-BE54-9A1E7A4F7556}") = "FlixOne.BookStore.Shipping.BL", "FlixOne.BookStore.Shipping.BL\FlixOne.BookStore.Shipping.BL.csproj", "{204E4314-D6C3-4168-82C5-D1CCF7CD4D75}"
EndProject
Project("{2150E333-8FDC-42A3-9474-1A3956D46DE8}") = "DAL", "DAL", "{AFBF9E8C-3535-47CB-BFBF-3D2045544AF4}"
EndProject
Project("{9A19103F-16F7-4668-BE54-9A1E7A4F7556}") = "FlixOne.BookStore.Shipping.DAL", "FlixOne.BookStore.Shipping.DAL\FlixOne.BookStore.Shipping.DAL.csproj", "{39FBC349-09B6-4ACD-A09C-B927E71EB84F}"
EndProject
Project("{2150E333-8FDC-42A3-9474-1A3956D46DE8}") = "Common", "Common", "{E05ED457-3E21-4F61-BE65-9CB6805B8833}"
EndProject
Project("{FAE04EC0-301F-11D3-BF4B-00C04F79EFBC}") = "FlixOne.BookStore.Common", "FlixOne.BookStore.Common\FlixOne.BookStore.Common.csproj", "{EAC8433B-C737-4ED7-8578-AC2AABB44823}"
EndProject
Project("{2150E333-8FDC-42A3-9474-1A3956D46DE8}") = "System1", "System1", "{D59B4AD3-03D8-4989-BD98-76A7948AFBEA}"
EndProject
Project("{2150E333-8FDC-42A3-9474-1A3956D46DE8}") = "System2", "System2", "{6D719501-24D7-4F4E-B118-EAA413558AA8}"
EndProject
Project("{9A19103F-16F7-4668-BE54-9A1E7A4F7556}") = "FlixOne.BookStore.ProductService", "FlixOne.BookStore.ProductService\FlixOne.BookStore.ProductService.csproj", "{24B6BF19-F272-4B3D-952D-91C4FC4089A7}"
EndProject
Project("{2150E333-8FDC-42A3-9474-1A3956D46DE8}") = "ACL", "ACL", "{3C182965-DB3D-48B3-B0F6-0DBDB269F38E}"
EndProject
Project("{FAE04EC0-301F-11D3-BF4B-00C04F79EFBC}") = "FlixOne.BookStore.ACL", "FlixOne.BookStore.ACL\FlixOne.BookStore.ACL.csproj", "{A2A45086-0160-4C44-B5CE-39CCED742490}"
EndProject
Global
	GlobalSection(SolutionConfigurationPlatforms) = preSolution
		Debug|Any CPU = Debug|Any CPU
		Release|Any CPU = Release|Any CPU
	EndGlobalSection
	GlobalSection(ProjectConfigurationPlatforms) = postSolution
		{222B9EBB-9CD0-4468-A44F-252B03B09CE5}.Debug|Any CPU.ActiveCfg = Debug|Any CPU
		{222B9EBB-9CD0-4468-A44F-252B03B09CE5}.Debug|Any CPU.Build.0 = Debug|Any CPU
		{222B9EBB-9CD0-4468-A44F-252B03B09CE5}.Release|Any CPU.ActiveCfg = Release|Any CPU
		{222B9EBB-9CD0-4468-A44F-252B03B09CE5}.Release|Any CPU.Build.0 = Release|Any CPU
		{204E4314-D6C3-4168-82C5-D1CCF7CD4D75}.Debug|Any CPU.ActiveCfg = Debug|Any CPU
		{204E4314-D6C3-4168-82C5-D1CCF7CD4D75}.Debug|Any CPU.Build.0 = Debug|Any CPU
		{204E4314-D6C3-4168-82C5-D1CCF7CD4D75}.Release|Any CPU.ActiveCfg = Release|Any CPU
		{204E4314-D6C3-4168-82C5-D1CCF7CD4D75}.Release|Any CPU.Build.0 = Release|Any CPU
		{39FBC349-09B6-4ACD-A09C-B927E71EB84F}.Debug|Any CPU.ActiveCfg = Debug|Any CPU
		{39FBC349-09B6-4ACD-A09C-B927E71EB84F}.Debug|Any CPU.Build.0 = Debug|Any CPU
		{39FBC349-09B6-4ACD-A09C-B927E71EB84F}.Release|Any CPU.ActiveCfg = Release|Any CPU
		{39FBC349-09B6-4ACD-A09C-B927E71EB84F}.Release|Any CPU.Build.0 = Release|Any CPU
		{EAC8433B-C737-4ED7-8578-AC2AABB44823}.Debug|Any CPU.ActiveCfg = Debug|Any CPU
		{EAC8433B-C737-4ED7-8578-AC2AABB44823}.Debug|Any CPU.Build.0 = Debug|Any CPU
		{EAC8433B-C737-4ED7-8578-AC2AABB44823}.Release|Any CPU.ActiveCfg = Release|Any CPU
		{EAC8433B-C737-4ED7-8578-AC2AABB44823}.Release|Any CPU.Build.0 = Release|Any CPU
		{24B6BF19-F272-4B3D-952D-91C4FC4089A7}.Debug|Any CPU.ActiveCfg = Debug|Any CPU
		{24B6BF19-F272-4B3D-952D-91C4FC4089A7}.Debug|Any CPU.Build.0 = Debug|Any CPU
		{24B6BF19-F272-4B3D-952D-91C4FC4089A7}.Release|Any CPU.ActiveCfg = Release|Any CPU
		{24B6BF19-F272-4B3D-952D-91C4FC4089A7}.Release|Any CPU.Build.0 = Release|Any CPU
		{A2A45086-0160-4C44-B5CE-39CCED742490}.Debug|Any CPU.ActiveCfg = Debug|Any CPU
		{A2A45086-0160-4C44-B5CE-39CCED742490}.Debug|Any CPU.Build.0 = Debug|Any CPU
		{A2A45086-0160-4C44-B5CE-39CCED742490}.Release|Any CPU.ActiveCfg = Release|Any CPU
		{A2A45086-0160-4C44-B5CE-39CCED742490}.Release|Any CPU.Build.0 = Release|Any CPU
	EndGlobalSection
	GlobalSection(SolutionProperties) = preSolution
		HideSolutionNode = FALSE
	EndGlobalSection
	GlobalSection(NestedProjects) = preSolution
		{222B9EBB-9CD0-4468-A44F-252B03B09CE5} = {243615F3-0C11-4562-BD26-41028DC10EAC}
		{243615F3-0C11-4562-BD26-41028DC10EAC} = {D59B4AD3-03D8-4989-BD98-76A7948AFBEA}
		{66B4CAEB-5101-4817-A402-4E67D9288EF6} = {D59B4AD3-03D8-4989-BD98-76A7948AFBEA}
		{204E4314-D6C3-4168-82C5-D1CCF7CD4D75} = {66B4CAEB-5101-4817-A402-4E67D9288EF6}
		{AFBF9E8C-3535-47CB-BFBF-3D2045544AF4} = {D59B4AD3-03D8-4989-BD98-76A7948AFBEA}
		{39FBC349-09B6-4ACD-A09C-B927E71EB84F} = {AFBF9E8C-3535-47CB-BFBF-3D2045544AF4}
		{E05ED457-3E21-4F61-BE65-9CB6805B8833} = {127CB7C4-653C-4027-BA72-2CFC61152021}
		{EAC8433B-C737-4ED7-8578-AC2AABB44823} = {E05ED457-3E21-4F61-BE65-9CB6805B8833}
		{D59B4AD3-03D8-4989-BD98-76A7948AFBEA} = {127CB7C4-653C-4027-BA72-2CFC61152021}
		{6D719501-24D7-4F4E-B118-EAA413558AA8} = {127CB7C4-653C-4027-BA72-2CFC61152021}
		{24B6BF19-F272-4B3D-952D-91C4FC4089A7} = {6D719501-24D7-4F4E-B118-EAA413558AA8}
		{3C182965-DB3D-48B3-B0F6-0DBDB269F38E} = {127CB7C4-653C-4027-BA72-2CFC61152021}
		{A2A45086-0160-4C44-B5CE-39CCED742490} = {3C182965-DB3D-48B3-B0F6-0DBDB269F38E}
	EndGlobalSection
	GlobalSection(ExtensibilityGlobals) = postSolution
		SolutionGuid = {F0FA7AF2-3EBC-4E19-97E9-4CAAA4026513}
	EndGlobalSection
EndGlobal
