
Microsoft Visual Studio Solution File, Format Version 12.00
# Visual Studio Version 16
VisualStudioVersion = 16.0.29021.104
MinimumVisualStudioVersion = 10.0.40219.1
Project("{FAE04EC0-301F-11D3-BF4B-00C04F79EFBC}") = "NewFeatures", "NewFeatures.csproj", "{27C67DA5-11CB-4AD5-A5FE-714D3B674048}"
EndProject
Global
	GlobalSection(SolutionConfigurationPlatforms) = preSolution
		Debug|Any CPU = Debug|Any CPU
		Release|Any CPU = Release|Any CPU
	EndGlobalSection
	GlobalSection(ProjectConfigurationPlatforms) = postSolution
		{27C67DA5-11CB-4AD5-A5FE-714D3B674048}.Debug|Any CPU.ActiveCfg = Debug|Any CPU
		{27C67DA5-11CB-4AD5-A5FE-714D3B674048}.Debug|Any CPU.Build.0 = Debug|Any CPU
		{27C67DA5-11CB-4AD5-A5FE-714D3B674048}.Release|Any CPU.ActiveCfg = Release|Any CPU
		{27C67DA5-11CB-4AD5-A5FE-714D3B674048}.Release|Any CPU.Build.0 = Release|Any CPU
	EndGlobalSection
	GlobalSection(SolutionProperties) = preSolution
		HideSolutionNode = FALSE
	EndGlobalSection
	GlobalSection(ExtensibilityGlobals) = postSolution
		SolutionGuid = {584A33D4-A69A-4C78-8472-D27C7A14D759}
	EndGlobalSection
EndGlobal
