
Microsoft Visual Studio Solution File, Format Version 12.00
# Visual Studio Version 16
VisualStudioVersion = 16.0.29021.104
MinimumVisualStudioVersion = 10.0.40219.1
Project("{9A19103F-16F7-4668-BE54-9A1E7A4F7556}") = "FlixOne.BookStore.ProductService", "FlixOne.BookStore.ProductService\FlixOne.BookStore.ProductService.csproj", "{D0948DF0-2B23-47B2-AB8D-836A724736AF}"
EndProject
Project("{FAE04EC0-301F-11D3-BF4B-00C04F79EFBC}") = "FlixOne.BookStore.Web", "FlixOne.BookStore.Web\FlixOne.BookStore.Web.csproj", "{2F51EE1A-547E-4631-87A1-89B161B5193B}"
EndProject
Global
	GlobalSection(SolutionConfigurationPlatforms) = preSolution
		Debug|Any CPU = Debug|Any CPU
		Release|Any CPU = Release|Any CPU
	EndGlobalSection
	GlobalSection(ProjectConfigurationPlatforms) = postSolution
		{D0948DF0-2B23-47B2-AB8D-836A724736AF}.Debug|Any CPU.ActiveCfg = Debug|Any CPU
		{D0948DF0-2B23-47B2-AB8D-836A724736AF}.Debug|Any CPU.Build.0 = Debug|Any CPU
		{D0948DF0-2B23-47B2-AB8D-836A724736AF}.Release|Any CPU.ActiveCfg = Release|Any CPU
		{D0948DF0-2B23-47B2-AB8D-836A724736AF}.Release|Any CPU.Build.0 = Release|Any CPU
		{2F51EE1A-547E-4631-87A1-89B161B5193B}.Debug|Any CPU.ActiveCfg = Debug|Any CPU
		{2F51EE1A-547E-4631-87A1-89B161B5193B}.Debug|Any CPU.Build.0 = Debug|Any CPU
		{2F51EE1A-547E-4631-87A1-89B161B5193B}.Release|Any CPU.ActiveCfg = Release|Any CPU
		{2F51EE1A-547E-4631-87A1-89B161B5193B}.Release|Any CPU.Build.0 = Release|Any CPU
	EndGlobalSection
	GlobalSection(SolutionProperties) = preSolution
		HideSolutionNode = FALSE
	EndGlobalSection
	GlobalSection(ExtensibilityGlobals) = postSolution
		SolutionGuid = {237E551D-20F2-4FD6-AD86-97B43DD63168}
	EndGlobalSection
EndGlobal
