
Microsoft Visual Studio Solution File, Format Version 12.00
# Visual Studio Version 16
VisualStudioVersion = 16.0.29613.14
MinimumVisualStudioVersion = 10.0.40219.1
Project("{9A19103F-16F7-4668-BE54-9A1E7A4F7556}") = "WPFSample", "WPFSample.csproj", "{344247E8-FFCA-4FFA-A972-32DA74286C27}"
EndProject
Global
	GlobalSection(SolutionConfigurationPlatforms) = preSolution
		Debug|Any CPU = Debug|Any CPU
		Release|Any CPU = Release|Any CPU
	EndGlobalSection
	GlobalSection(ProjectConfigurationPlatforms) = postSolution
		{344247E8-FFCA-4FFA-A972-32DA74286C27}.Debug|Any CPU.ActiveCfg = Debug|Any CPU
		{344247E8-FFCA-4FFA-A972-32DA74286C27}.Debug|Any CPU.Build.0 = Debug|Any CPU
		{344247E8-FFCA-4FFA-A972-32DA74286C27}.Release|Any CPU.ActiveCfg = Release|Any CPU
		{344247E8-FFCA-4FFA-A972-32DA74286C27}.Release|Any CPU.Build.0 = Release|Any CPU
	EndGlobalSection
	GlobalSection(SolutionProperties) = preSolution
		HideSolutionNode = FALSE
	EndGlobalSection
	GlobalSection(ExtensibilityGlobals) = postSolution
		SolutionGuid = {B5D98D4F-4870-4298-9FBF-7895706F12ED}
	EndGlobalSection
EndGlobal
