
Microsoft Visual Studio Solution File, Format Version 12.00
# Visual Studio Version 16
VisualStudioVersion = 16.0.29911.84
MinimumVisualStudioVersion = 10.0.40219.1
Project("{FAE04EC0-301F-11D3-BF4B-00C04F79EFBC}") = "FlixOne.BooStore.Console", "FlixOne.BooStore.Console\FlixOne.BooStore.Console.csproj", "{CB23F4C2-7316-47B0-96AB-AC008E661B82}"
EndProject
Global
	GlobalSection(SolutionConfigurationPlatforms) = preSolution
		Debug|Any CPU = Debug|Any CPU
		Release|Any CPU = Release|Any CPU
	EndGlobalSection
	GlobalSection(ProjectConfigurationPlatforms) = postSolution
		{CB23F4C2-7316-47B0-96AB-AC008E661B82}.Debug|Any CPU.ActiveCfg = Debug|Any CPU
		{CB23F4C2-7316-47B0-96AB-AC008E661B82}.Debug|Any CPU.Build.0 = Debug|Any CPU
		{CB23F4C2-7316-47B0-96AB-AC008E661B82}.Release|Any CPU.ActiveCfg = Release|Any CPU
		{CB23F4C2-7316-47B0-96AB-AC008E661B82}.Release|Any CPU.Build.0 = Release|Any CPU
	EndGlobalSection
	GlobalSection(SolutionProperties) = preSolution
		HideSolutionNode = FALSE
	EndGlobalSection
	GlobalSection(ExtensibilityGlobals) = postSolution
		SolutionGuid = {E56CE017-A088-44CE-A178-43C0A89A3F02}
	EndGlobalSection
EndGlobal
