
Microsoft Visual Studio Solution File, Format Version 12.00
# Visual Studio Version 16
VisualStudioVersion = 16.0.29021.104
MinimumVisualStudioVersion = 10.0.40219.1
Project("{FAE04EC0-301F-11D3-BF4B-00C04F79EFBC}") = "WinFormsSample", "WinFormsSample\WinFormsSample.csproj", "{1628290A-AB70-4C12-BAF1-0CD1E2FBD274}"
EndProject
Global
	GlobalSection(SolutionConfigurationPlatforms) = preSolution
		Debug|Any CPU = Debug|Any CPU
		Release|Any CPU = Release|Any CPU
	EndGlobalSection
	GlobalSection(ProjectConfigurationPlatforms) = postSolution
		{1628290A-AB70-4C12-BAF1-0CD1E2FBD274}.Debug|Any CPU.ActiveCfg = Debug|Any CPU
		{1628290A-AB70-4C12-BAF1-0CD1E2FBD274}.Debug|Any CPU.Build.0 = Debug|Any CPU
		{1628290A-AB70-4C12-BAF1-0CD1E2FBD274}.Release|Any CPU.ActiveCfg = Release|Any CPU
		{1628290A-AB70-4C12-BAF1-0CD1E2FBD274}.Release|Any CPU.Build.0 = Release|Any CPU
	EndGlobalSection
	GlobalSection(SolutionProperties) = preSolution
		HideSolutionNode = FALSE
	EndGlobalSection
	GlobalSection(ExtensibilityGlobals) = postSolution
		SolutionGuid = {A0AC39DD-C597-41D4-A935-B879D5C1F754}
	EndGlobalSection
EndGlobal
